
Microsoft Visual Studio Solution File, Format Version 12.00
# Visual Studio Version 17
VisualStudioVersion = 17.7.34031.279
MinimumVisualStudioVersion = 10.0.40219.1
Project("{FAE04EC0-301F-11D3-BF4B-00C04F79EFBC}") = "YandexAlgorithms_4_0", "YandexAlgorithms_4_0\YandexAlgorithms_4_0.csproj", "{7A9E6F2E-A240-4A1D-9BCE-5987220C2078}"
EndProject
Global
	GlobalSection(SolutionConfigurationPlatforms) = preSolution
		Debug|Any CPU = Debug|Any CPU
		Release|Any CPU = Release|Any CPU
	EndGlobalSection
	GlobalSection(ProjectConfigurationPlatforms) = postSolution
		{7A9E6F2E-A240-4A1D-9BCE-5987220C2078}.Debug|Any CPU.ActiveCfg = Debug|Any CPU
		{7A9E6F2E-A240-4A1D-9BCE-5987220C2078}.Debug|Any CPU.Build.0 = Debug|Any CPU
		{7A9E6F2E-A240-4A1D-9BCE-5987220C2078}.Release|Any CPU.ActiveCfg = Release|Any CPU
		{7A9E6F2E-A240-4A1D-9BCE-5987220C2078}.Release|Any CPU.Build.0 = Release|Any CPU
	EndGlobalSection
	GlobalSection(SolutionProperties) = preSolution
		HideSolutionNode = FALSE
	EndGlobalSection
	GlobalSection(ExtensibilityGlobals) = postSolution
		SolutionGuid = {DBEA701F-C899-4E62-AB77-D0291332E2B3}
	EndGlobalSection
EndGlobal
